
Microsoft Visual Studio Solution File, Format Version 12.00
# Visual Studio Version 17
VisualStudioVersion = 17.14.36511.14 d17.14
MinimumVisualStudioVersion = 10.0.40219.1
Project("{FAE04EC0-301F-11D3-BF4B-00C04F79EFBC}") = "AgentsAndMcps.Console", "src\AgentsAndMcps.Consoles\AgentsAndMcps.Console.csproj", "{ED87BF9F-08CD-4BAE-A398-AA3410783619}"
EndProject
Global
	GlobalSection(SolutionConfigurationPlatforms) = preSolution
		Debug|Any CPU = Debug|Any CPU
		Release|Any CPU = Release|Any CPU
	EndGlobalSection
	GlobalSection(ProjectConfigurationPlatforms) = postSolution
		{ED87BF9F-08CD-4BAE-A398-AA3410783619}.Debug|Any CPU.ActiveCfg = Debug|Any CPU
		{ED87BF9F-08CD-4BAE-A398-AA3410783619}.Debug|Any CPU.Build.0 = Debug|Any CPU
		{ED87BF9F-08CD-4BAE-A398-AA3410783619}.Release|Any CPU.ActiveCfg = Release|Any CPU
		{ED87BF9F-08CD-4BAE-A398-AA3410783619}.Release|Any CPU.Build.0 = Release|Any CPU
	EndGlobalSection
	GlobalSection(SolutionProperties) = preSolution
		HideSolutionNode = FALSE
	EndGlobalSection
	GlobalSection(ExtensibilityGlobals) = postSolution
		SolutionGuid = {1BC1432D-FB73-4DB0-8E12-AD54FD845036}
	EndGlobalSection
EndGlobal
